# This file is autogenerated, do not edit; changes may be undone by the next 'dep ensure'.


[[projects]]
  digest = "1:603e78c8a398a889c64966b0af61a18d046c32409ebdcc7cda90a16fb111968e"
  name = "github.com/d5/tengo"
  packages = [
    ".",
    "assert",
    "compiler",
    "compiler/ast",
    "compiler/parser",
    "compiler/scanner",
    "compiler/source",
    "compiler/token",
    "objects",
  ]
  pruneopts = "UT"
  revision = "5d8457a8f60be6297ac05e75aadb65b7c1371b5f"
  version = "v1.15.0"

[[projects]]
  branch = "master"
  digest = "1:bd191b42ec841c1f7eff4206367220294d91fd7fa01b33e1a2ce6084eb2c5ce2"
  name = "github.com/yuin/gopher-lua"
  packages = [
    ".",
    "ast",
    "parse",
    "pm",
  ]
  pruneopts = "UT"
  revision = "8bfc7677f583b35a5663a9dd934c08f3b5774bbb"

[solve-meta]
  analyzer-name = "dep"
  analyzer-version = 1
  input-imports = [
    "github.com/d5/tengo/assert",
    "github.com/d5/tengo/compiler",
    "github.com/d5/tengo/compiler/ast",
    "github.com/d5/tengo/compiler/parser",
    "github.com/d5/tengo/compiler/source",
    "github.com/d5/tengo/compiler/token",
    "github.com/yuin/gopher-lua",
  ]
  solver-name = "gps-cdcl"
  solver-version = 1
